Microsoft Visual Studio Solution File, Format Version 12.00
# Visual Studio Version 17
VisualStudioVersion = 17.5.2.0
MinimumVisualStudioVersion = 10.0.40219.1
Project("{FAE04EC0-301F-11D3-BF4B-00C04F79EFBC}") = "MyMauiApp", "MyMauiApp.csproj", "{B593F3C5-A70B-8D16-C701-73FDB3B2B87C}"
EndProject
Global
	GlobalSection(SolutionConfigurationPlatforms) = preSolution
		Debug|Any CPU = Debug|Any CPU
		Release|Any CPU = Release|Any CPU
	EndGlobalSection
	GlobalSection(ProjectConfigurationPlatforms) = postSolution
		{B593F3C5-A70B-8D16-C701-73FDB3B2B87C}.Debug|Any CPU.ActiveCfg = Debug|Any CPU
		{B593F3C5-A70B-8D16-C701-73FDB3B2B87C}.Debug|Any CPU.Build.0 = Debug|Any CPU
		{B593F3C5-A70B-8D16-C701-73FDB3B2B87C}.Release|Any CPU.ActiveCfg = Release|Any CPU
		{B593F3C5-A70B-8D16-C701-73FDB3B2B87C}.Release|Any CPU.Build.0 = Release|Any CPU
	EndGlobalSection
	GlobalSection(SolutionProperties) = preSolution
		HideSolutionNode = FALSE
	EndGlobalSection
	GlobalSection(ExtensibilityGlobals) = postSolution
		SolutionGuid = {E209615E-922D-4926-B4A2-820A29578261}
	EndGlobalSection
EndGlobal
