
Microsoft Visual Studio Solution File, Format Version 12.00
Project("{FAE04EC0-301F-11D3-BF4B-00C04F79EFBC}") = "GymApp", "GymApp\GymApp.csproj", "{BA584AF3-863B-4A44-B60C-71ECE0242C4C}"
EndProject
Global
	GlobalSection(SolutionConfigurationPlatforms) = preSolution
		Debug|Any CPU = Debug|Any CPU
		Release|Any CPU = Release|Any CPU
	EndGlobalSection
	GlobalSection(ProjectConfigurationPlatforms) = postSolution
		{BA584AF3-863B-4A44-B60C-71ECE0242C4C}.Debug|Any CPU.ActiveCfg = Debug|Any CPU
		{BA584AF3-863B-4A44-B60C-71ECE0242C4C}.Debug|Any CPU.Build.0 = Debug|Any CPU
		{BA584AF3-863B-4A44-B60C-71ECE0242C4C}.Release|Any CPU.ActiveCfg = Release|Any CPU
		{BA584AF3-863B-4A44-B60C-71ECE0242C4C}.Release|Any CPU.Build.0 = Release|Any CPU
	EndGlobalSection
EndGlobal
